
Microsoft Visual Studio Solution File, Format Version 12.00
# Visual Studio Version 17
VisualStudioVersion = 17.2.32616.157
MinimumVisualStudioVersion = 10.0.40219.1
Project("{9A19103F-16F7-4668-BE54-9A1E7A4F7556}") = "eProdaja", "eProdaja\eProdaja.csproj", "{BFF84DFD-387A-448B-8050-9CBA203142FB}"
EndProject
Project("{9A19103F-16F7-4668-BE54-9A1E7A4F7556}") = "eProdaja.Services", "eProdaja.Services\eProdaja.Services.csproj", "{B7E4D540-7820-476C-BED4-F415AEEC871D}"
EndProject
Project("{FAE04EC0-301F-11D3-BF4B-00C04F79EFBC}") = "eProdaja.Model", "eProdaja.Model\eProdaja.Model.csproj", "{AE4874AF-1870-48EB-88AB-CBBE7AA1E6B5}"
EndProject
Global
	GlobalSection(SolutionConfigurationPlatforms) = preSolution
		Debug|Any CPU = Debug|Any CPU
		Release|Any CPU = Release|Any CPU
	EndGlobalSection
	GlobalSection(ProjectConfigurationPlatforms) = postSolution
		{BFF84DFD-387A-448B-8050-9CBA203142FB}.Debug|Any CPU.ActiveCfg = Debug|Any CPU
		{BFF84DFD-387A-448B-8050-9CBA203142FB}.Debug|Any CPU.Build.0 = Debug|Any CPU
		{BFF84DFD-387A-448B-8050-9CBA203142FB}.Release|Any CPU.ActiveCfg = Release|Any CPU
		{BFF84DFD-387A-448B-8050-9CBA203142FB}.Release|Any CPU.Build.0 = Release|Any CPU
		{B7E4D540-7820-476C-BED4-F415AEEC871D}.Debug|Any CPU.ActiveCfg = Debug|Any CPU
		{B7E4D540-7820-476C-BED4-F415AEEC871D}.Debug|Any CPU.Build.0 = Debug|Any CPU
		{B7E4D540-7820-476C-BED4-F415AEEC871D}.Release|Any CPU.ActiveCfg = Release|Any CPU
		{B7E4D540-7820-476C-BED4-F415AEEC871D}.Release|Any CPU.Build.0 = Release|Any CPU
		{AE4874AF-1870-48EB-88AB-CBBE7AA1E6B5}.Debug|Any CPU.ActiveCfg = Debug|Any CPU
		{AE4874AF-1870-48EB-88AB-CBBE7AA1E6B5}.Debug|Any CPU.Build.0 = Debug|Any CPU
		{AE4874AF-1870-48EB-88AB-CBBE7AA1E6B5}.Release|Any CPU.ActiveCfg = Release|Any CPU
		{AE4874AF-1870-48EB-88AB-CBBE7AA1E6B5}.Release|Any CPU.Build.0 = Release|Any CPU
	EndGlobalSection
	GlobalSection(SolutionProperties) = preSolution
		HideSolutionNode = FALSE
	EndGlobalSection
	GlobalSection(ExtensibilityGlobals) = postSolution
		SolutionGuid = {FE88DA7E-9402-48A2-9BB6-35B87C3458C5}
	EndGlobalSection
EndGlobal
